// !$*UTF8*$!
{
	archiveVersion = 1;
	classes = {
	};
	objectVersion = 77;
	objects = {

/* Begin PBXBuildFile section */
		03532132BE95AC0FDEDCE20E /* IOKitBatteryRepository.swift in Sources */ = {isa = PBXBuildFile; fileRef = C7DE059FA391FDC1421B356A /* IOKitBatteryRepository.swift */; };
		065BF0D3FF1FAC2AA7820F9C /* SessionUseCases.swift in Sources */ = {isa = PBXBuildFile; fileRef = A2A36A3C2BC8E68FFF6C2CE3 /* SessionUseCases.swift */; };
		08AAFE4C249FECE7C5C32C73 /* SDSession.swift in Sources */ = {isa = PBXBuildFile; fileRef = 972B8F487156C382457E0E1B /* SDSession.swift */; };
		0AD059BB65EEA4D5D73F8368 /* DashboardView.swift.bak in Resources */ = {isa = PBXBuildFile; fileRef = A8ED85FC039ADAD5FABB22A4 /* DashboardView.swift.bak */; };
		0C3E2C710ACD62F428163A42 /* ThemeLoaderHotReloadTests.swift in Sources */ = {isa = PBXBuildFile; fileRef = A607007708BCF04CB0B5F771 /* ThemeLoaderHotReloadTests.swift */; };
		1529691506D7EED2744BD1CC /* BatteryCardView.swift.bak in Resources */ = {isa = PBXBuildFile; fileRef = 61C5AC9DD357C0676466DD09 /* BatteryCardView.swift.bak */; };
		190734368770C490AF3BF86A /* IOKit.framework in Frameworks */ = {isa = PBXBuildFile; fileRef = FAA408FE533B63693F0295FC /* IOKit.framework */; };
		1CFD2E9BF27400C8D47C1B01 /* BatteryHealthPredictorTests.swift in Sources */ = {isa = PBXBuildFile; fileRef = 8CA377BA78AD6914B429B169 /* BatteryHealthPredictorTests.swift */; };
		28E96A7F4E815E28125F1E9A /* BatteryHealthPredictor.swift in Sources */ = {isa = PBXBuildFile; fileRef = 3D558778C4D82BFF6BD89FBD /* BatteryHealthPredictor.swift */; };
		2F13ACC5FE981F3D386ED0E3 /* SystemPowerRepository.swift in Sources */ = {isa = PBXBuildFile; fileRef = 6714BE674C456AFCEA3C9FAD /* SystemPowerRepository.swift */; };
		39526558B64FF244254E9715 /* SessionBarChartView.swift in Sources */ = {isa = PBXBuildFile; fileRef = 0EF2FCA79000A709E37BF4FB /* SessionBarChartView.swift */; };
		3997826E0019BA98090E9288 /* SessionCSVExporter.swift in Sources */ = {isa = PBXBuildFile; fileRef = AAAC34B38ABACF2FD0D94A53 /* SessionCSVExporter.swift */; };
		3F628E5CBEF9909A0988DC79 /* ThemeDTO.swift in Sources */ = {isa = PBXBuildFile; fileRef = EC40AA8FE940996BFA0548E4 /* ThemeDTO.swift */; };
		42E17962D95135C265851444 /* BatteryError.swift in Sources */ = {isa = PBXBuildFile; fileRef = A201188FA82B71D55A01A160 /* BatteryError.swift */; };
		43AE1F3AD3F345BD7430AB35 /* SessionManager.swift in Sources */ = {isa = PBXBuildFile; fileRef = 7FF7E36EAC33016CC2D1796C /* SessionManager.swift */; };
		4ADE174D1C178BE4B1E54D43 /* Namespace.swift in Sources */ = {isa = PBXBuildFile; fileRef = 52C62692F4174F34C37CAE70 /* Namespace.swift */; };
		4CC2F5082EB2EA8847663317 /* PowerChartView.swift.bak in Resources */ = {isa = PBXBuildFile; fileRef = C68EE0B3C121ACABD08CF955 /* PowerChartView.swift.bak */; };
		50BEE98A16A6EF3855954731 /* forest.json in Resources */ = {isa = PBXBuildFile; fileRef = 04100199CAA23BF8F8BF2CF4 /* forest.json */; };
		521354639D909F3B62B09ECD /* martian.json in Resources */ = {isa = PBXBuildFile; fileRef = 2523C8D60F72FD62260457EB /* martian.json */; };
		5333EFA77E7DF5D240028535 /* dark.json in Resources */ = {isa = PBXBuildFile; fileRef = 753FB4EEEDED609DE5C9E443 /* dark.json */; };
		565165F495631BEC16AE5508 /* Localizable.strings in Resources */ = {isa = PBXBuildFile; fileRef = 453203943978D0D96CD0DE34 /* Localizable.strings */; };
		5FEF85A974105E9602C2C41C /* ThemeDirectoryWatcher.swift in Sources */ = {isa = PBXBuildFile; fileRef = D8F2754FE0CFA8563E93D86F /* ThemeDirectoryWatcher.swift */; };
		6151C128FDCC47C833838F04 /* light.json in Resources */ = {isa = PBXBuildFile; fileRef = 5749BDBEAE16A9720195668C /* light.json */; };
		61FB2FE8F2181BEE0913F540 /* SwiftData.framework in Frameworks */ = {isa = PBXBuildFile; fileRef = 3163AE8BBED0B7C730775247 /* SwiftData.framework */; };
		6B38195AB09E742078CE8B0E /* RecommendationEngine.swift in Sources */ = {isa = PBXBuildFile; fileRef = E8CD001C1A345A48A56418A0 /* RecommendationEngine.swift */; };
		6FF51C9FD4C8D64F2B8EDB63 /* libDomain.a in Frameworks */ = {isa = PBXBuildFile; fileRef = 006734F3BA152A24A0E7BD66 /* libDomain.a */; };
		709DFE43501FFA7C08333437 /* libPresentation.a in Frameworks */ = {isa = PBXBuildFile; fileRef = 371E9F54A030CE5A5D467FC8 /* libPresentation.a */; };
		738A89DB20CF6E80AD21CDB2 /* SwiftDataSessionStore.swift in Sources */ = {isa = PBXBuildFile; fileRef = 9B1CDEF7839B9EDDDEEC3F7F /* SwiftDataSessionStore.swift */; };
		74D679DBAFD6F2D87C708151 /* SwiftData.framework in Frameworks */ = {isa = PBXBuildFile; fileRef = 3163AE8BBED0B7C730775247 /* SwiftData.framework */; };
		7758740BBF02759BD3FE9068 /* BatteryHealthView.swift in Sources */ = {isa = PBXBuildFile; fileRef = 429459308BD3353E3DBCD9C0 /* BatteryHealthView.swift */; };
		797E07260A141AC47F5ECD31 /* SettingsView.swift.bak in Resources */ = {isa = PBXBuildFile; fileRef = ED23C913601FE7B233AA1637 /* SettingsView.swift.bak */; };
		80C7A41861457578FC72AF2F /* SDHealthSnapshot.swift in Sources */ = {isa = PBXBuildFile; fileRef = 90FA96779C8CD1A0A839B2BF /* SDHealthSnapshot.swift */; };
		886BAB090A46DE9C206395A6 /* SessionAnalyticsTests.swift in Sources */ = {isa = PBXBuildFile; fileRef = 0A26A189A0150B5E702AC15D /* SessionAnalyticsTests.swift */; };
		8D68DA3E1415CC9B948A7E2C /* App.swift in Sources */ = {isa = PBXBuildFile; fileRef = 9C9B2DC94D030A67953CF669 /* App.swift */; };
		8EED0B1CBB8FF04E2EE55AC1 /* RealtimeViewModel.swift in Sources */ = {isa = PBXBuildFile; fileRef = E2B74214709576DD782A56CB /* RealtimeViewModel.swift */; };
		8F7D5A20E40E63BC0EB4DFA8 /* BatterySample.swift in Sources */ = {isa = PBXBuildFile; fileRef = 56383B9E60A7578463CA0C58 /* BatterySample.swift */; };
		9F4726E80ADBE78E635DA7C5 /* MetricCardView.swift in Sources */ = {isa = PBXBuildFile; fileRef = D4BFFD1596A337B80EC83D04 /* MetricCardView.swift */; };
		B01855605B501DC6FDF86528 /* SessionStore.swift in Sources */ = {isa = PBXBuildFile; fileRef = 80978B882395879045005E67 /* SessionStore.swift */; };
		B02E4B611AF06A6C278D48C8 /* PowerChartView.swift in Sources */ = {isa = PBXBuildFile; fileRef = EF86B7AD7CD01A988D5470E1 /* PowerChartView.swift */; };
		B139CAE3E00789E8F0366D7B /* libPresentation.a in Frameworks */ = {isa = PBXBuildFile; fileRef = 371E9F54A030CE5A5D467FC8 /* libPresentation.a */; };
		B2ADAFDBFB19FDC78B792781 /* FileSessionStoreTests.swift in Sources */ = {isa = PBXBuildFile; fileRef = A5C404E9B01F6E92E62FEA58 /* FileSessionStoreTests.swift */; };
		B6DA7900AD86982AA793051B /* DashboardView.swift in Sources */ = {isa = PBXBuildFile; fileRef = ADF9A954A5129B4AB944726A /* DashboardView.swift */; };
		B9D4F71F81F567AE44E42B2F /* Poller.swift in Sources */ = {isa = PBXBuildFile; fileRef = 3B99D6F4375676C114E63334 /* Poller.swift */; };
		C0170ADB84EA16B6F98DCD79 /* RecommendationEngineTests.swift in Sources */ = {isa = PBXBuildFile; fileRef = 7089F983319D2D6139752237 /* RecommendationEngineTests.swift */; };
		C3950CF8C7FF6E460A5D8411 /* RecommendationsViewModel.swift in Sources */ = {isa = PBXBuildFile; fileRef = 6F8BFC0B5C274FCD12188834 /* RecommendationsViewModel.swift */; };
		C40F9BEB25687247217E1A84 /* SessionCSVExportTests.swift in Sources */ = {isa = PBXBuildFile; fileRef = 2763A222D055DBCA134B7E81 /* SessionCSVExportTests.swift */; };
		C771D159A8FC7495D9E38C9C /* SettingsViewModel.swift in Sources */ = {isa = PBXBuildFile; fileRef = 6DEB8332739AC64B320472D7 /* SettingsViewModel.swift */; };
		C89CA1B75FFD156E9BDA8F9D /* HealthSnapshotStore.swift in Sources */ = {isa = PBXBuildFile; fileRef = CD3920695B455388D5F6D4F1 /* HealthSnapshotStore.swift */; };
		CDE72037D9CEAECD132E26BE /* FileSessionStore.swift in Sources */ = {isa = PBXBuildFile; fileRef = 57BF3CDC0DA0E11E2D2065E1 /* FileSessionStore.swift */; };
		CF1370102740D00C4A26F88C /* Theme.swift in Sources */ = {isa = PBXBuildFile; fileRef = 0E1CB3E37BD92C6188FF1096 /* Theme.swift */; };
		D0FC62495B6D41FB1A73FDEA /* DIContainer.swift in Sources */ = {isa = PBXBuildFile; fileRef = 1DB4E7A56541FE6539AB4AED /* DIContainer.swift */; };
		D17F662E01DAF777AF3827BB /* SettingsView.swift in Sources */ = {isa = PBXBuildFile; fileRef = EDE160A4C34D3FB76F20FB8E /* SettingsView.swift */; };
		D43B76B7B81AA63246CCBE3F /* ThemeLoader.swift in Sources */ = {isa = PBXBuildFile; fileRef = 20D9AB0AB0B23C7C4100C3FE /* ThemeLoader.swift */; };
		D51C03BDF32185F5BA03198A /* Session.swift in Sources */ = {isa = PBXBuildFile; fileRef = D786E96DD20371540ECD0DC7 /* Session.swift */; };
		D569EB52C2842533DC6E03BE /* RecommendationsView.swift in Sources */ = {isa = PBXBuildFile; fileRef = 1EDCC5FFA0BA818CACCE0067 /* RecommendationsView.swift */; };
		D5D2F68A80021E1155636248 /* IOKit.framework in Frameworks */ = {isa = PBXBuildFile; fileRef = FAA408FE533B63693F0295FC /* IOKit.framework */; };
		D7DABE8899F0EC243208FBCC /* PollerTests.swift in Sources */ = {isa = PBXBuildFile; fileRef = 9EB2D1A85C4CC76661183143 /* PollerTests.swift */; };
		D80A16DC5AE2F0C8C588DBD3 /* marine.json in Resources */ = {isa = PBXBuildFile; fileRef = AE717C843368C188785CBD25 /* marine.json */; };
		DB5DD119BB88F54A246AF3FA /* DomainTests.swift in Sources */ = {isa = PBXBuildFile; fileRef = 6684AF3BE641673ED4C839F5 /* DomainTests.swift */; };
		DC74716F6152EE342183A8A3 /* libData.a in Frameworks */ = {isa = PBXBuildFile; fileRef = 41E0EECFAC07C5809C8325D6 /* libData.a */; };
		DDB4068017809B1A6DB7DC6F /* libData.a in Frameworks */ = {isa = PBXBuildFile; fileRef = 41E0EECFAC07C5809C8325D6 /* libData.a */; };
		DFBC7D68802B9D31159239CB /* SessionsViewModel.swift in Sources */ = {isa = PBXBuildFile; fileRef = 062BFFE1E47C433F2681F31E /* SessionsViewModel.swift */; };
		E52F0E8A8B8D3019A395D7CE /* AppTheme.swift in Sources */ = {isa = PBXBuildFile; fileRef = 76BB73F529024E6F0A12FC14 /* AppTheme.swift */; };
		EAD2621EB9C835E59548D50E /* ThemeCommands.swift in Sources */ = {isa = PBXBuildFile; fileRef = 0E0A642913047739EEA6B1FD /* ThemeCommands.swift */; };
		F418759E060EEB22E6F18BAE /* SessionsComparisonView.swift.bak in Resources */ = {isa = PBXBuildFile; fileRef = 0F82B7713704A25D73733DD5 /* SessionsComparisonView.swift.bak */; };
		F4C57D0EF082122A42ABC42C /* SessionsComparisonView.swift in Sources */ = {isa = PBXBuildFile; fileRef = 3FD09B826B8CAE51BFEEAEA7 /* SessionsComparisonView.swift */; };
		F8BFFC93917E671EEE929DD8 /* libDomain.a in Frameworks */ = {isa = PBXBuildFile; fileRef = 006734F3BA152A24A0E7BD66 /* libDomain.a */; };
		F9CF475137B263E195187B2B /* ChargerMonitorTests.swift in Sources */ = {isa = PBXBuildFile; fileRef = 8003B7671EE719B27F6CF1E0 /* ChargerMonitorTests.swift */; };
		FDC4B1976231ED7F0456B406 /* ThemeStore.swift in Sources */ = {isa = PBXBuildFile; fileRef = BC73F2314B7E68175179CE8D /* ThemeStore.swift */; };
		FFDE5028AEE7AF75C7E5E219 /* BatteryCardView.swift in Sources */ = {isa = PBXBuildFile; fileRef = 8A691C2597E5A8852AE01E9D /* BatteryCardView.swift */; };
/* End PBXBuildFile section */

/* Begin PBXContainerItemProxy section */
		156A2C6162B6C5D485BBCC18 /* PBXContainerItemProxy */ = {
			isa = PBXContainerItemProxy;
			containerPortal = 40F9B443D9F6D7E72FB55DE2 /* Project object */;
			proxyType = 1;
			remoteGlobalIDString = A4F19AAB1646075A4E30FEA0;
			remoteInfo = Presentation;
		};
		2960283F2ACD73F8A51486C5 /* PBXContainerItemProxy */ = {
			isa = PBXContainerItemProxy;
			containerPortal = 40F9B443D9F6D7E72FB55DE2 /* Project object */;
			proxyType = 1;
			remoteGlobalIDString = 5E7B6FEAC42234B8F191DE02;
			remoteInfo = Domain;
		};
		3638B5C9732F266116D2EE9E /* PBXContainerItemProxy */ = {
			isa = PBXContainerItemProxy;
			containerPortal = 40F9B443D9F6D7E72FB55DE2 /* Project object */;
			proxyType = 1;
			remoteGlobalIDString = 5E7B6FEAC42234B8F191DE02;
			remoteInfo = Domain;
		};
		4E5859E35BB18FBAD05EBCBB /* PBXContainerItemProxy */ = {
			isa = PBXContainerItemProxy;
			containerPortal = 40F9B443D9F6D7E72FB55DE2 /* Project object */;
			proxyType = 1;
			remoteGlobalIDString = 4199C3C0C02AF698720C3123;
			remoteInfo = ChargerMonitor;
		};
		649BEF4BE88DE6498D3463A1 /* PBXContainerItemProxy */ = {
			isa = PBXContainerItemProxy;
			containerPortal = 40F9B443D9F6D7E72FB55DE2 /* Project object */;
			proxyType = 1;
			remoteGlobalIDString = 5E7B6FEAC42234B8F191DE02;
			remoteInfo = Domain;
		};
		6A8033643BB2C099838129B3 /* PBXContainerItemProxy */ = {
			isa = PBXContainerItemProxy;
			containerPortal = 40F9B443D9F6D7E72FB55DE2 /* Project object */;
			proxyType = 1;
			remoteGlobalIDString = 5E7B6FEAC42234B8F191DE02;
			remoteInfo = Domain;
		};
		6AFDE8225B37AA18DDD920A9 /* PBXContainerItemProxy */ = {
			isa = PBXContainerItemProxy;
			containerPortal = 40F9B443D9F6D7E72FB55DE2 /* Project object */;
			proxyType = 1;
			remoteGlobalIDString = B3CE90F0B34575E6C5BD45B1;
			remoteInfo = Data;
		};
		6E5AACD00B45DC7F2F619A32 /* PBXContainerItemProxy */ = {
			isa = PBXContainerItemProxy;
			containerPortal = 40F9B443D9F6D7E72FB55DE2 /* Project object */;
			proxyType = 1;
			remoteGlobalIDString = B3CE90F0B34575E6C5BD45B1;
			remoteInfo = Data;
		};
		A139CE53B21AA32FF30187E1 /* PBXContainerItemProxy */ = {
			isa = PBXContainerItemProxy;
			containerPortal = 40F9B443D9F6D7E72FB55DE2 /* Project object */;
			proxyType = 1;
			remoteGlobalIDString = B3CE90F0B34575E6C5BD45B1;
			remoteInfo = Data;
		};
		EA052363EBEEE7FC4ACAF391 /* PBXContainerItemProxy */ = {
			isa = PBXContainerItemProxy;
			containerPortal = 40F9B443D9F6D7E72FB55DE2 /* Project object */;
			proxyType = 1;
			remoteGlobalIDString = A4F19AAB1646075A4E30FEA0;
			remoteInfo = Presentation;
		};
/* End PBXContainerItemProxy section */

/* Begin PBXFileReference section */
		006734F3BA152A24A0E7BD66 /* libDomain.a */ = {isa = PBXFileReference; explicitFileType = archive.ar; includeInIndex = 0; path = libDomain.a; sourceTree = BUILT_PRODUCTS_DIR; };
		04100199CAA23BF8F8BF2CF4 /* forest.json */ = {isa = PBXFileReference; lastKnownFileType = text.json; path = forest.json; sourceTree = "<group>"; };
		062BFFE1E47C433F2681F31E /* SessionsViewModel.swift */ = {isa = PBXFileReference; lastKnownFileType = sourcecode.swift; path = SessionsViewModel.swift; sourceTree = "<group>"; };
		0A26A189A0150B5E702AC15D /* SessionAnalyticsTests.swift */ = {isa = PBXFileReference; lastKnownFileType = sourcecode.swift; path = SessionAnalyticsTests.swift; sourceTree = "<group>"; };
		0E0A642913047739EEA6B1FD /* ThemeCommands.swift */ = {isa = PBXFileReference; lastKnownFileType = sourcecode.swift; path = ThemeCommands.swift; sourceTree = "<group>"; };
		0E1CB3E37BD92C6188FF1096 /* Theme.swift */ = {isa = PBXFileReference; lastKnownFileType = sourcecode.swift; path = Theme.swift; sourceTree = "<group>"; };
		0EF2FCA79000A709E37BF4FB /* SessionBarChartView.swift */ = {isa = PBXFileReference; lastKnownFileType = sourcecode.swift; path = SessionBarChartView.swift; sourceTree = "<group>"; };
		0F82B7713704A25D73733DD5 /* SessionsComparisonView.swift.bak */ = {isa = PBXFileReference; path = SessionsComparisonView.swift.bak; sourceTree = "<group>"; };
		1DB4E7A56541FE6539AB4AED /* DIContainer.swift */ = {isa = PBXFileReference; lastKnownFileType = sourcecode.swift; path = DIContainer.swift; sourceTree = "<group>"; };
		1EDCC5FFA0BA818CACCE0067 /* RecommendationsView.swift */ = {isa = PBXFileReference; lastKnownFileType = sourcecode.swift; path = RecommendationsView.swift; sourceTree = "<group>"; };
		20D9AB0AB0B23C7C4100C3FE /* ThemeLoader.swift */ = {isa = PBXFileReference; lastKnownFileType = sourcecode.swift; path = ThemeLoader.swift; sourceTree = "<group>"; };
		2523C8D60F72FD62260457EB /* martian.json */ = {isa = PBXFileReference; lastKnownFileType = text.json; path = martian.json; sourceTree = "<group>"; };
		2763A222D055DBCA134B7E81 /* SessionCSVExportTests.swift */ = {isa = PBXFileReference; lastKnownFileType = sourcecode.swift; path = SessionCSVExportTests.swift; sourceTree = "<group>"; };
		3163AE8BBED0B7C730775247 /* SwiftData.framework */ = {isa = PBXFileReference; lastKnownFileType = wrapper.framework; name = SwiftData.framework; path = System/Library/Frameworks/SwiftData.framework; sourceTree = SDKROOT; };
		371E9F54A030CE5A5D467FC8 /* libPresentation.a */ = {isa = PBXFileReference; explicitFileType = archive.ar; includeInIndex = 0; path = libPresentation.a; sourceTree = BUILT_PRODUCTS_DIR; };
		3B99D6F4375676C114E63334 /* Poller.swift */ = {isa = PBXFileReference; lastKnownFileType = sourcecode.swift; path = Poller.swift; sourceTree = "<group>"; };
		3D558778C4D82BFF6BD89FBD /* BatteryHealthPredictor.swift */ = {isa = PBXFileReference; lastKnownFileType = sourcecode.swift; path = BatteryHealthPredictor.swift; sourceTree = "<group>"; };
		3FD09B826B8CAE51BFEEAEA7 /* SessionsComparisonView.swift */ = {isa = PBXFileReference; lastKnownFileType = sourcecode.swift; path = SessionsComparisonView.swift; sourceTree = "<group>"; };
		41E0EECFAC07C5809C8325D6 /* libData.a */ = {isa = PBXFileReference; explicitFileType = archive.ar; includeInIndex = 0; path = libData.a; sourceTree = BUILT_PRODUCTS_DIR; };
		429459308BD3353E3DBCD9C0 /* BatteryHealthView.swift */ = {isa = PBXFileReference; lastKnownFileType = sourcecode.swift; path = BatteryHealthView.swift; sourceTree = "<group>"; };
		52C62692F4174F34C37CAE70 /* Namespace.swift */ = {isa = PBXFileReference; lastKnownFileType = sourcecode.swift; path = Namespace.swift; sourceTree = "<group>"; };
		56383B9E60A7578463CA0C58 /* BatterySample.swift */ = {isa = PBXFileReference; lastKnownFileType = sourcecode.swift; path = BatterySample.swift; sourceTree = "<group>"; };
		5749BDBEAE16A9720195668C /* light.json */ = {isa = PBXFileReference; lastKnownFileType = text.json; path = light.json; sourceTree = "<group>"; };
		57BF3CDC0DA0E11E2D2065E1 /* FileSessionStore.swift */ = {isa = PBXFileReference; lastKnownFileType = sourcecode.swift; path = FileSessionStore.swift; sourceTree = "<group>"; };
		59723BC05353CA3AA459CCBC /* ru */ = {isa = PBXFileReference; lastKnownFileType = text.plist.strings; name = ru; path = ru.lproj/Localizable.strings; sourceTree = "<group>"; };
		61C5AC9DD357C0676466DD09 /* BatteryCardView.swift.bak */ = {isa = PBXFileReference; path = BatteryCardView.swift.bak; sourceTree = "<group>"; };
		62B9D9F04995243B27200C19 /* fr */ = {isa = PBXFileReference; lastKnownFileType = text.plist.strings; name = fr; path = fr.lproj/Localizable.strings; sourceTree = "<group>"; };
		6684AF3BE641673ED4C839F5 /* DomainTests.swift */ = {isa = PBXFileReference; lastKnownFileType = sourcecode.swift; path = DomainTests.swift; sourceTree = "<group>"; };
		6714BE674C456AFCEA3C9FAD /* SystemPowerRepository.swift */ = {isa = PBXFileReference; lastKnownFileType = sourcecode.swift; path = SystemPowerRepository.swift; sourceTree = "<group>"; };
		6DEB8332739AC64B320472D7 /* SettingsViewModel.swift */ = {isa = PBXFileReference; lastKnownFileType = sourcecode.swift; path = SettingsViewModel.swift; sourceTree = "<group>"; };
		6F8BFC0B5C274FCD12188834 /* RecommendationsViewModel.swift */ = {isa = PBXFileReference; lastKnownFileType = sourcecode.swift; path = RecommendationsViewModel.swift; sourceTree = "<group>"; };
		7089F983319D2D6139752237 /* RecommendationEngineTests.swift */ = {isa = PBXFileReference; lastKnownFileType = sourcecode.swift; path = RecommendationEngineTests.swift; sourceTree = "<group>"; };
		753FB4EEEDED609DE5C9E443 /* dark.json */ = {isa = PBXFileReference; lastKnownFileType = text.json; path = dark.json; sourceTree = "<group>"; };
		76BB73F529024E6F0A12FC14 /* AppTheme.swift */ = {isa = PBXFileReference; lastKnownFileType = sourcecode.swift; path = AppTheme.swift; sourceTree = "<group>"; };
		7EE6AB586A3916A2B24EB317 /* en */ = {isa = PBXFileReference; lastKnownFileType = text.plist.strings; name = en; path = en.lproj/Localizable.strings; sourceTree = "<group>"; };
		7FF7E36EAC33016CC2D1796C /* SessionManager.swift */ = {isa = PBXFileReference; lastKnownFileType = sourcecode.swift; path = SessionManager.swift; sourceTree = "<group>"; };
		8003B7671EE719B27F6CF1E0 /* ChargerMonitorTests.swift */ = {isa = PBXFileReference; lastKnownFileType = sourcecode.swift; path = ChargerMonitorTests.swift; sourceTree = "<group>"; };
		80978B882395879045005E67 /* SessionStore.swift */ = {isa = PBXFileReference; lastKnownFileType = sourcecode.swift; path = SessionStore.swift; sourceTree = "<group>"; };
		8A691C2597E5A8852AE01E9D /* BatteryCardView.swift */ = {isa = PBXFileReference; lastKnownFileType = sourcecode.swift; path = BatteryCardView.swift; sourceTree = "<group>"; };
		8CA377BA78AD6914B429B169 /* BatteryHealthPredictorTests.swift */ = {isa = PBXFileReference; lastKnownFileType = sourcecode.swift; path = BatteryHealthPredictorTests.swift; sourceTree = "<group>"; };
		90FA96779C8CD1A0A839B2BF /* SDHealthSnapshot.swift */ = {isa = PBXFileReference; lastKnownFileType = sourcecode.swift; path = SDHealthSnapshot.swift; sourceTree = "<group>"; };
		972B8F487156C382457E0E1B /* SDSession.swift */ = {isa = PBXFileReference; lastKnownFileType = sourcecode.swift; path = SDSession.swift; sourceTree = "<group>"; };
		9B1CDEF7839B9EDDDEEC3F7F /* SwiftDataSessionStore.swift */ = {isa = PBXFileReference; lastKnownFileType = sourcecode.swift; path = SwiftDataSessionStore.swift; sourceTree = "<group>"; };
		9B81893F60163B097829264E /* ChargerMonitorTests.xctest */ = {isa = PBXFileReference; explicitFileType = wrapper.cfbundle; includeInIndex = 0; path = ChargerMonitorTests.xctest; sourceTree = BUILT_PRODUCTS_DIR; };
		9C9B2DC94D030A67953CF669 /* App.swift */ = {isa = PBXFileReference; lastKnownFileType = sourcecode.swift; path = App.swift; sourceTree = "<group>"; };
		9EB2D1A85C4CC76661183143 /* PollerTests.swift */ = {isa = PBXFileReference; lastKnownFileType = sourcecode.swift; path = PollerTests.swift; sourceTree = "<group>"; };
		A08E852FD0C504BEED209447 /* ChargerMonitor.app */ = {isa = PBXFileReference; explicitFileType = wrapper.application; includeInIndex = 0; path = ChargerMonitor.app; sourceTree = BUILT_PRODUCTS_DIR; };
		A201188FA82B71D55A01A160 /* BatteryError.swift */ = {isa = PBXFileReference; lastKnownFileType = sourcecode.swift; path = BatteryError.swift; sourceTree = "<group>"; };
		A2A36A3C2BC8E68FFF6C2CE3 /* SessionUseCases.swift */ = {isa = PBXFileReference; lastKnownFileType = sourcecode.swift; path = SessionUseCases.swift; sourceTree = "<group>"; };
		A5C404E9B01F6E92E62FEA58 /* FileSessionStoreTests.swift */ = {isa = PBXFileReference; lastKnownFileType = sourcecode.swift; path = FileSessionStoreTests.swift; sourceTree = "<group>"; };
		A607007708BCF04CB0B5F771 /* ThemeLoaderHotReloadTests.swift */ = {isa = PBXFileReference; lastKnownFileType = sourcecode.swift; path = ThemeLoaderHotReloadTests.swift; sourceTree = "<group>"; };
		A8ED85FC039ADAD5FABB22A4 /* DashboardView.swift.bak */ = {isa = PBXFileReference; path = DashboardView.swift.bak; sourceTree = "<group>"; };
		AAAC34B38ABACF2FD0D94A53 /* SessionCSVExporter.swift */ = {isa = PBXFileReference; lastKnownFileType = sourcecode.swift; path = SessionCSVExporter.swift; sourceTree = "<group>"; };
		ADF9A954A5129B4AB944726A /* DashboardView.swift */ = {isa = PBXFileReference; lastKnownFileType = sourcecode.swift; path = DashboardView.swift; sourceTree = "<group>"; };
		AE717C843368C188785CBD25 /* marine.json */ = {isa = PBXFileReference; lastKnownFileType = text.json; path = marine.json; sourceTree = "<group>"; };
		BC73F2314B7E68175179CE8D /* ThemeStore.swift */ = {isa = PBXFileReference; lastKnownFileType = sourcecode.swift; path = ThemeStore.swift; sourceTree = "<group>"; };
		C68EE0B3C121ACABD08CF955 /* PowerChartView.swift.bak */ = {isa = PBXFileReference; path = PowerChartView.swift.bak; sourceTree = "<group>"; };
		C7DE059FA391FDC1421B356A /* IOKitBatteryRepository.swift */ = {isa = PBXFileReference; lastKnownFileType = sourcecode.swift; path = IOKitBatteryRepository.swift; sourceTree = "<group>"; };
		CD3920695B455388D5F6D4F1 /* HealthSnapshotStore.swift */ = {isa = PBXFileReference; lastKnownFileType = sourcecode.swift; path = HealthSnapshotStore.swift; sourceTree = "<group>"; };
		D4BFFD1596A337B80EC83D04 /* MetricCardView.swift */ = {isa = PBXFileReference; lastKnownFileType = sourcecode.swift; path = MetricCardView.swift; sourceTree = "<group>"; };
		D786E96DD20371540ECD0DC7 /* Session.swift */ = {isa = PBXFileReference; lastKnownFileType = sourcecode.swift; path = Session.swift; sourceTree = "<group>"; };
		D8F2754FE0CFA8563E93D86F /* ThemeDirectoryWatcher.swift */ = {isa = PBXFileReference; lastKnownFileType = sourcecode.swift; path = ThemeDirectoryWatcher.swift; sourceTree = "<group>"; };
		E2B74214709576DD782A56CB /* RealtimeViewModel.swift */ = {isa = PBXFileReference; lastKnownFileType = sourcecode.swift; path = RealtimeViewModel.swift; sourceTree = "<group>"; };
		E8CD001C1A345A48A56418A0 /* RecommendationEngine.swift */ = {isa = PBXFileReference; lastKnownFileType = sourcecode.swift; path = RecommendationEngine.swift; sourceTree = "<group>"; };
		EC40AA8FE940996BFA0548E4 /* ThemeDTO.swift */ = {isa = PBXFileReference; lastKnownFileType = sourcecode.swift; path = ThemeDTO.swift; sourceTree = "<group>"; };
		ED23C913601FE7B233AA1637 /* SettingsView.swift.bak */ = {isa = PBXFileReference; path = SettingsView.swift.bak; sourceTree = "<group>"; };
		EDE160A4C34D3FB76F20FB8E /* SettingsView.swift */ = {isa = PBXFileReference; lastKnownFileType = sourcecode.swift; path = SettingsView.swift; sourceTree = "<group>"; };
		EF86B7AD7CD01A988D5470E1 /* PowerChartView.swift */ = {isa = PBXFileReference; lastKnownFileType = sourcecode.swift; path = PowerChartView.swift; sourceTree = "<group>"; };
		FAA408FE533B63693F0295FC /* IOKit.framework */ = {isa = PBXFileReference; lastKnownFileType = wrapper.framework; name = IOKit.framework; path = System/Library/Frameworks/IOKit.framework; sourceTree = SDKROOT; };
/* End PBXFileReference section */

/* Begin PBXFrameworksBuildPhase section */
		7C4568336790399A19E02461 /* Frameworks */ = {
			isa = PBXFrameworksBuildPhase;
			buildActionMask = 2147483647;
			files = (
				F8BFFC93917E671EEE929DD8 /* libDomain.a in Frameworks */,
				DC74716F6152EE342183A8A3 /* libData.a in Frameworks */,
				709DFE43501FFA7C08333437 /* libPresentation.a in Frameworks */,
				D5D2F68A80021E1155636248 /* IOKit.framework in Frameworks */,
				74D679DBAFD6F2D87C708151 /* SwiftData.framework in Frameworks */,
			);
			runOnlyForDeploymentPostprocessing = 0;
		};
		B05B16D2F55C4298080FF5B8 /* Frameworks */ = {
			isa = PBXFrameworksBuildPhase;
			buildActionMask = 2147483647;
			files = (
				190734368770C490AF3BF86A /* IOKit.framework in Frameworks */,
				61FB2FE8F2181BEE0913F540 /* SwiftData.framework in Frameworks */,
			);
			runOnlyForDeploymentPostprocessing = 0;
		};
		CDC942FD52EE6DBBE246E882 /* Frameworks */ = {
			isa = PBXFrameworksBuildPhase;
			buildActionMask = 2147483647;
			files = (
				6FF51C9FD4C8D64F2B8EDB63 /* libDomain.a in Frameworks */,
				DDB4068017809B1A6DB7DC6F /* libData.a in Frameworks */,
				B139CAE3E00789E8F0366D7B /* libPresentation.a in Frameworks */,
			);
			runOnlyForDeploymentPostprocessing = 0;
		};
/* End PBXFrameworksBuildPhase section */

/* Begin PBXGroup section */
		015445DC9BC3E897CF35C8CB /* UseCases */ = {
			isa = PBXGroup;
			children = (
				A2A36A3C2BC8E68FFF6C2CE3 /* SessionUseCases.swift */,
			);
			path = UseCases;
			sourceTree = "<group>";
		};
		114633778C972A161904D37F /* SystemPower */ = {
			isa = PBXGroup;
			children = (
				A201188FA82B71D55A01A160 /* BatteryError.swift */,
				C7DE059FA391FDC1421B356A /* IOKitBatteryRepository.swift */,
				3B99D6F4375676C114E63334 /* Poller.swift */,
				6714BE674C456AFCEA3C9FAD /* SystemPowerRepository.swift */,
			);
			path = SystemPower;
			sourceTree = "<group>";
		};
		22986508B97F95E5AB4EE9BB /* SessionUseCases */ = {
			isa = PBXGroup;
			children = (
				7FF7E36EAC33016CC2D1796C /* SessionManager.swift */,
			);
			path = SessionUseCases;
			sourceTree = "<group>";
		};
		29CE6D81F9EA5DDEE2413A8F /* Domain */ = {
			isa = PBXGroup;
			children = (
				3D558778C4D82BFF6BD89FBD /* BatteryHealthPredictor.swift */,
				E8CD001C1A345A48A56418A0 /* RecommendationEngine.swift */,
				B402F4916A631B7107BB5BAA /* Models */,
				015445DC9BC3E897CF35C8CB /* UseCases */,
			);
			name = Domain;
			path = Sources/Domain;
			sourceTree = "<group>";
		};
		2BAEEF7F3BDFE9B775BB1A24 /* ChargerMonitorTests */ = {
			isa = PBXGroup;
			children = (
				8CA377BA78AD6914B429B169 /* BatteryHealthPredictorTests.swift */,
				8003B7671EE719B27F6CF1E0 /* ChargerMonitorTests.swift */,
				6684AF3BE641673ED4C839F5 /* DomainTests.swift */,
				A5C404E9B01F6E92E62FEA58 /* FileSessionStoreTests.swift */,
				9EB2D1A85C4CC76661183143 /* PollerTests.swift */,
				7089F983319D2D6139752237 /* RecommendationEngineTests.swift */,
				0A26A189A0150B5E702AC15D /* SessionAnalyticsTests.swift */,
				2763A222D055DBCA134B7E81 /* SessionCSVExportTests.swift */,
				A607007708BCF04CB0B5F771 /* ThemeLoaderHotReloadTests.swift */,
			);
			name = ChargerMonitorTests;
			path = Tests/ChargerMonitorTests;
			sourceTree = "<group>";
		};
		2F0C8B2EDC7D7688BC198768 /* Data */ = {
			isa = PBXGroup;
			children = (
				CD3920695B455388D5F6D4F1 /* HealthSnapshotStore.swift */,
				52C62692F4174F34C37CAE70 /* Namespace.swift */,
				90FA96779C8CD1A0A839B2BF /* SDHealthSnapshot.swift */,
				5267E79F04C91394CF377494 /* Persistence */,
				52FCB0FC104311F97790DC60 /* SessionStore */,
				22986508B97F95E5AB4EE9BB /* SessionUseCases */,
				114633778C972A161904D37F /* SystemPower */,
			);
			name = Data;
			path = Sources/Data;
			sourceTree = "<group>";
		};
		4082F071BCAF60EA3CEBDABE /* App */ = {
			isa = PBXGroup;
			children = (
				9C9B2DC94D030A67953CF669 /* App.swift */,
				1DB4E7A56541FE6539AB4AED /* DIContainer.swift */,
				0E0A642913047739EEA6B1FD /* ThemeCommands.swift */,
			);
			name = App;
			path = Sources/App;
			sourceTree = "<group>";
		};
		5267E79F04C91394CF377494 /* Persistence */ = {
			isa = PBXGroup;
			children = (
				972B8F487156C382457E0E1B /* SDSession.swift */,
			);
			path = Persistence;
			sourceTree = "<group>";
		};
		52FCB0FC104311F97790DC60 /* SessionStore */ = {
			isa = PBXGroup;
			children = (
				57BF3CDC0DA0E11E2D2065E1 /* FileSessionStore.swift */,
				80978B882395879045005E67 /* SessionStore.swift */,
				9B1CDEF7839B9EDDDEEC3F7F /* SwiftDataSessionStore.swift */,
			);
			path = SessionStore;
			sourceTree = "<group>";
		};
		5ED2AC55BE1A39FC6EDEF7B2 /* Theme */ = {
			isa = PBXGroup;
			children = (
				76BB73F529024E6F0A12FC14 /* AppTheme.swift */,
				0E1CB3E37BD92C6188FF1096 /* Theme.swift */,
				D8F2754FE0CFA8563E93D86F /* ThemeDirectoryWatcher.swift */,
				EC40AA8FE940996BFA0548E4 /* ThemeDTO.swift */,
				20D9AB0AB0B23C7C4100C3FE /* ThemeLoader.swift */,
				BC73F2314B7E68175179CE8D /* ThemeStore.swift */,
			);
			path = Theme;
			sourceTree = "<group>";
		};
		5ED7ED6C0EDCB46B0CAD0FD7 /* Views */ = {
			isa = PBXGroup;
			children = (
				8A691C2597E5A8852AE01E9D /* BatteryCardView.swift */,
				61C5AC9DD357C0676466DD09 /* BatteryCardView.swift.bak */,
				429459308BD3353E3DBCD9C0 /* BatteryHealthView.swift */,
				ADF9A954A5129B4AB944726A /* DashboardView.swift */,
				A8ED85FC039ADAD5FABB22A4 /* DashboardView.swift.bak */,
				D4BFFD1596A337B80EC83D04 /* MetricCardView.swift */,
				EF86B7AD7CD01A988D5470E1 /* PowerChartView.swift */,
				C68EE0B3C121ACABD08CF955 /* PowerChartView.swift.bak */,
				1EDCC5FFA0BA818CACCE0067 /* RecommendationsView.swift */,
				0EF2FCA79000A709E37BF4FB /* SessionBarChartView.swift */,
				3FD09B826B8CAE51BFEEAEA7 /* SessionsComparisonView.swift */,
				0F82B7713704A25D73733DD5 /* SessionsComparisonView.swift.bak */,
				EDE160A4C34D3FB76F20FB8E /* SettingsView.swift */,
				ED23C913601FE7B233AA1637 /* SettingsView.swift.bak */,
			);
			path = Views;
			sourceTree = "<group>";
		};
		68F52E2CE2E7C539107631B5 /* Themes */ = {
			isa = PBXGroup;
			children = (
				753FB4EEEDED609DE5C9E443 /* dark.json */,
				04100199CAA23BF8F8BF2CF4 /* forest.json */,
				5749BDBEAE16A9720195668C /* light.json */,
				AE717C843368C188785CBD25 /* marine.json */,
				2523C8D60F72FD62260457EB /* martian.json */,
			);
			name = Themes;
			path = Resources/Themes;
			sourceTree = "<group>";
		};
		A292245FC767687BA4D031F0 /* ViewModels */ = {
			isa = PBXGroup;
			children = (
				E2B74214709576DD782A56CB /* RealtimeViewModel.swift */,
				6F8BFC0B5C274FCD12188834 /* RecommendationsViewModel.swift */,
				062BFFE1E47C433F2681F31E /* SessionsViewModel.swift */,
				6DEB8332739AC64B320472D7 /* SettingsViewModel.swift */,
			);
			path = ViewModels;
			sourceTree = "<group>";
		};
		B402F4916A631B7107BB5BAA /* Models */ = {
			isa = PBXGroup;
			children = (
				56383B9E60A7578463CA0C58 /* BatterySample.swift */,
				D786E96DD20371540ECD0DC7 /* Session.swift */,
			);
			path = Models;
			sourceTree = "<group>";
		};
		CD5E1F461314C9C26ECC33C8 /* Resources */ = {
			isa = PBXGroup;
			children = (
				453203943978D0D96CD0DE34 /* Localizable.strings */,
			);
			path = Resources;
			sourceTree = "<group>";
		};
		D934CAF6BF76F84102F1F9F6 /* Presentation */ = {
			isa = PBXGroup;
			children = (
				AAAC34B38ABACF2FD0D94A53 /* SessionCSVExporter.swift */,
				5ED2AC55BE1A39FC6EDEF7B2 /* Theme */,
				A292245FC767687BA4D031F0 /* ViewModels */,
				5ED7ED6C0EDCB46B0CAD0FD7 /* Views */,
			);
			name = Presentation;
			path = Sources/Presentation;
			sourceTree = "<group>";
		};
		DEE52BAD2A85D785DBB54E51 = {
			isa = PBXGroup;
			children = (
				4082F071BCAF60EA3CEBDABE /* App */,
				2BAEEF7F3BDFE9B775BB1A24 /* ChargerMonitorTests */,
				2F0C8B2EDC7D7688BC198768 /* Data */,
				29CE6D81F9EA5DDEE2413A8F /* Domain */,
				D934CAF6BF76F84102F1F9F6 /* Presentation */,
				CD5E1F461314C9C26ECC33C8 /* Resources */,
				68F52E2CE2E7C539107631B5 /* Themes */,
				EB3537D266C4380B1BFFCDBF /* Frameworks */,
				F78B0DDB3D5E3F6B0A16D33F /* Products */,
			);
			sourceTree = "<group>";
		};
		EB3537D266C4380B1BFFCDBF /* Frameworks */ = {
			isa = PBXGroup;
			children = (
				FAA408FE533B63693F0295FC /* IOKit.framework */,
				3163AE8BBED0B7C730775247 /* SwiftData.framework */,
			);
			name = Frameworks;
			sourceTree = "<group>";
		};
		F78B0DDB3D5E3F6B0A16D33F /* Products */ = {
			isa = PBXGroup;
			children = (
				A08E852FD0C504BEED209447 /* ChargerMonitor.app */,
				9B81893F60163B097829264E /* ChargerMonitorTests.xctest */,
				41E0EECFAC07C5809C8325D6 /* libData.a */,
				006734F3BA152A24A0E7BD66 /* libDomain.a */,
				371E9F54A030CE5A5D467FC8 /* libPresentation.a */,
			);
			name = Products;
			sourceTree = "<group>";
		};
/* End PBXGroup section */

/* Begin PBXNativeTarget section */
		4199C3C0C02AF698720C3123 /* ChargerMonitor */ = {
			isa = PBXNativeTarget;
			buildConfigurationList = D83BBA7D49720016FAFD3045 /* Build configuration list for PBXNativeTarget "ChargerMonitor" */;
			buildPhases = (
				A5B6AC3EB7DC6D90F479576A /* Sources */,
				7A428BBB2758BF211478D87B /* Resources */,
				7C4568336790399A19E02461 /* Frameworks */,
			);
			buildRules = (
			);
			dependencies = (
				E1DCC05581BE8476A1A32257 /* PBXTargetDependency */,
				15B8A7C8EEC251575035E879 /* PBXTargetDependency */,
				8FEB5FF11B383464894548CB /* PBXTargetDependency */,
			);
			name = ChargerMonitor;
			packageProductDependencies = (
			);
			productName = ChargerMonitor;
			productReference = A08E852FD0C504BEED209447 /* ChargerMonitor.app */;
			productType = "com.apple.product-type.application";
		};
		5E7B6FEAC42234B8F191DE02 /* Domain */ = {
			isa = PBXNativeTarget;
			buildConfigurationList = 274E3E8DDC357402339C16F8 /* Build configuration list for PBXNativeTarget "Domain" */;
			buildPhases = (
				FEF8DEDFD46FAEDA729EC760 /* Sources */,
				2F70F629C039FAC035602E7B /* Copy Swift Objective-C Interface Header */,
			);
			buildRules = (
			);
			dependencies = (
			);
			name = Domain;
			packageProductDependencies = (
			);
			productName = Domain;
			productReference = 006734F3BA152A24A0E7BD66 /* libDomain.a */;
			productType = "com.apple.product-type.library.static";
		};
		8011633B6CB7C2EFC977DFB1 /* ChargerMonitorTests */ = {
			isa = PBXNativeTarget;
			buildConfigurationList = F0D9A0DF7C5821E4EE67180B /* Build configuration list for PBXNativeTarget "ChargerMonitorTests" */;
			buildPhases = (
				CCB0A0D05F90A5702621777B /* Sources */,
				CDC942FD52EE6DBBE246E882 /* Frameworks */,
			);
			buildRules = (
			);
			dependencies = (
				96B54E5A0D1A9FF4F3799769 /* PBXTargetDependency */,
				C3F66C2A7B3D2F35FA90F367 /* PBXTargetDependency */,
				7BB56318DC24A62CD18608DF /* PBXTargetDependency */,
				FA33E4B84A1A86784D83B80F /* PBXTargetDependency */,
			);
			name = ChargerMonitorTests;
			packageProductDependencies = (
			);
			productName = ChargerMonitorTests;
			productReference = 9B81893F60163B097829264E /* ChargerMonitorTests.xctest */;
			productType = "com.apple.product-type.bundle.unit-test";
		};
		A4F19AAB1646075A4E30FEA0 /* Presentation */ = {
			isa = PBXNativeTarget;
			buildConfigurationList = 251CC58D573162C22FD54324 /* Build configuration list for PBXNativeTarget "Presentation" */;
			buildPhases = (
				7F5F6ECA103C4B07E3E57960 /* Sources */,
				5BF56F68672D406AE24B8251 /* Resources */,
				4B08CFB912289344CC52A9AB /* Copy Swift Objective-C Interface Header */,
			);
			buildRules = (
			);
			dependencies = (
				9F39A977BECD0E362BD5056A /* PBXTargetDependency */,
				6133440B65DE48592E88E319 /* PBXTargetDependency */,
			);
			name = Presentation;
			packageProductDependencies = (
			);
			productName = Presentation;
			productReference = 371E9F54A030CE5A5D467FC8 /* libPresentation.a */;
			productType = "com.apple.product-type.library.static";
		};
		B3CE90F0B34575E6C5BD45B1 /* Data */ = {
			isa = PBXNativeTarget;
			buildConfigurationList = 4BDF171975EAED2DB62E2ECB /* Build configuration list for PBXNativeTarget "Data" */;
			buildPhases = (
				FE0F3DC6AAFCBA0F48AACA60 /* Sources */,
				147454F29B0E82CB8B2C0BD3 /* Copy Swift Objective-C Interface Header */,
				B05B16D2F55C4298080FF5B8 /* Frameworks */,
			);
			buildRules = (
			);
			dependencies = (
				658B6642653EC8A0F76EE5F8 /* PBXTargetDependency */,
			);
			name = Data;
			packageProductDependencies = (
			);
			productName = Data;
			productReference = 41E0EECFAC07C5809C8325D6 /* libData.a */;
			productType = "com.apple.product-type.library.static";
		};
/* End PBXNativeTarget section */

/* Begin PBXProject section */
		40F9B443D9F6D7E72FB55DE2 /* Project object */ = {
			isa = PBXProject;
			attributes = {
				BuildIndependentTargetsInParallel = YES;
				LastUpgradeCheck = 1500;
				TargetAttributes = {
				};
			};
			buildConfigurationList = F0B1B2EBE0CC32D562EF9A92 /* Build configuration list for PBXProject "ChargerMonitor" */;
			developmentRegion = en;
			hasScannedForEncodings = 0;
			knownRegions = (
				Base,
				en,
				fr,
				ru,
			);
			mainGroup = DEE52BAD2A85D785DBB54E51;
			minimizedProjectReferenceProxies = 1;
			preferredProjectObjectVersion = 77;
			productRefGroup = F78B0DDB3D5E3F6B0A16D33F /* Products */;
			projectDirPath = "";
			projectRoot = "";
			targets = (
				4199C3C0C02AF698720C3123 /* ChargerMonitor */,
				8011633B6CB7C2EFC977DFB1 /* ChargerMonitorTests */,
				B3CE90F0B34575E6C5BD45B1 /* Data */,
				5E7B6FEAC42234B8F191DE02 /* Domain */,
				A4F19AAB1646075A4E30FEA0 /* Presentation */,
			);
		};
/* End PBXProject section */

/* Begin PBXResourcesBuildPhase section */
		5BF56F68672D406AE24B8251 /* Resources */ = {
			isa = PBXResourcesBuildPhase;
			buildActionMask = 2147483647;
			files = (
				1529691506D7EED2744BD1CC /* BatteryCardView.swift.bak in Resources */,
				0AD059BB65EEA4D5D73F8368 /* DashboardView.swift.bak in Resources */,
				4CC2F5082EB2EA8847663317 /* PowerChartView.swift.bak in Resources */,
				F418759E060EEB22E6F18BAE /* SessionsComparisonView.swift.bak in Resources */,
				797E07260A141AC47F5ECD31 /* SettingsView.swift.bak in Resources */,
			);
			runOnlyForDeploymentPostprocessing = 0;
		};
		7A428BBB2758BF211478D87B /* Resources */ = {
			isa = PBXResourcesBuildPhase;
			buildActionMask = 2147483647;
			files = (
				565165F495631BEC16AE5508 /* Localizable.strings in Resources */,
				5333EFA77E7DF5D240028535 /* dark.json in Resources */,
				50BEE98A16A6EF3855954731 /* forest.json in Resources */,
				6151C128FDCC47C833838F04 /* light.json in Resources */,
				D80A16DC5AE2F0C8C588DBD3 /* marine.json in Resources */,
				521354639D909F3B62B09ECD /* martian.json in Resources */,
			);
			runOnlyForDeploymentPostprocessing = 0;
		};
/* End PBXResourcesBuildPhase section */

/* Begin PBXShellScriptBuildPhase section */
		147454F29B0E82CB8B2C0BD3 /* Copy Swift Objective-C Interface Header */ = {
			isa = PBXShellScriptBuildPhase;
			buildActionMask = 2147483647;
			files = (
			);
			inputPaths = (
				"$(DERIVED_SOURCES_DIR)/$(SWIFT_OBJC_INTERFACE_HEADER_NAME)",
			);
			name = "Copy Swift Objective-C Interface Header";
			outputPaths = (
				"$(BUILT_PRODUCTS_DIR)/include/$(PRODUCT_MODULE_NAME)/$(SWIFT_OBJC_INTERFACE_HEADER_NAME)",
			);
			runOnlyForDeploymentPostprocessing = 0;
			shellPath = /bin/sh;
			shellScript = "ditto \"${SCRIPT_INPUT_FILE_0}\" \"${SCRIPT_OUTPUT_FILE_0}\"\n";
		};
		2F70F629C039FAC035602E7B /* Copy Swift Objective-C Interface Header */ = {
			isa = PBXShellScriptBuildPhase;
			buildActionMask = 2147483647;
			files = (
			);
			inputPaths = (
				"$(DERIVED_SOURCES_DIR)/$(SWIFT_OBJC_INTERFACE_HEADER_NAME)",
			);
			name = "Copy Swift Objective-C Interface Header";
			outputPaths = (
				"$(BUILT_PRODUCTS_DIR)/include/$(PRODUCT_MODULE_NAME)/$(SWIFT_OBJC_INTERFACE_HEADER_NAME)",
			);
			runOnlyForDeploymentPostprocessing = 0;
			shellPath = /bin/sh;
			shellScript = "ditto \"${SCRIPT_INPUT_FILE_0}\" \"${SCRIPT_OUTPUT_FILE_0}\"\n";
		};
		4B08CFB912289344CC52A9AB /* Copy Swift Objective-C Interface Header */ = {
			isa = PBXShellScriptBuildPhase;
			buildActionMask = 2147483647;
			files = (
			);
			inputPaths = (
				"$(DERIVED_SOURCES_DIR)/$(SWIFT_OBJC_INTERFACE_HEADER_NAME)",
			);
			name = "Copy Swift Objective-C Interface Header";
			outputPaths = (
				"$(BUILT_PRODUCTS_DIR)/include/$(PRODUCT_MODULE_NAME)/$(SWIFT_OBJC_INTERFACE_HEADER_NAME)",
			);
			runOnlyForDeploymentPostprocessing = 0;
			shellPath = /bin/sh;
			shellScript = "ditto \"${SCRIPT_INPUT_FILE_0}\" \"${SCRIPT_OUTPUT_FILE_0}\"\n";
		};
/* End PBXShellScriptBuildPhase section */

/* Begin PBXSourcesBuildPhase section */
		7F5F6ECA103C4B07E3E57960 /* Sources */ = {
			isa = PBXSourcesBuildPhase;
			buildActionMask = 2147483647;
			files = (
				E52F0E8A8B8D3019A395D7CE /* AppTheme.swift in Sources */,
				FFDE5028AEE7AF75C7E5E219 /* BatteryCardView.swift in Sources */,
				7758740BBF02759BD3FE9068 /* BatteryHealthView.swift in Sources */,
				B6DA7900AD86982AA793051B /* DashboardView.swift in Sources */,
				9F4726E80ADBE78E635DA7C5 /* MetricCardView.swift in Sources */,
				B02E4B611AF06A6C278D48C8 /* PowerChartView.swift in Sources */,
				8EED0B1CBB8FF04E2EE55AC1 /* RealtimeViewModel.swift in Sources */,
				D569EB52C2842533DC6E03BE /* RecommendationsView.swift in Sources */,
				C3950CF8C7FF6E460A5D8411 /* RecommendationsViewModel.swift in Sources */,
				39526558B64FF244254E9715 /* SessionBarChartView.swift in Sources */,
				3997826E0019BA98090E9288 /* SessionCSVExporter.swift in Sources */,
				F4C57D0EF082122A42ABC42C /* SessionsComparisonView.swift in Sources */,
				DFBC7D68802B9D31159239CB /* SessionsViewModel.swift in Sources */,
				D17F662E01DAF777AF3827BB /* SettingsView.swift in Sources */,
				C771D159A8FC7495D9E38C9C /* SettingsViewModel.swift in Sources */,
				CF1370102740D00C4A26F88C /* Theme.swift in Sources */,
				3F628E5CBEF9909A0988DC79 /* ThemeDTO.swift in Sources */,
				5FEF85A974105E9602C2C41C /* ThemeDirectoryWatcher.swift in Sources */,
				D43B76B7B81AA63246CCBE3F /* ThemeLoader.swift in Sources */,
				FDC4B1976231ED7F0456B406 /* ThemeStore.swift in Sources */,
			);
			runOnlyForDeploymentPostprocessing = 0;
		};
		A5B6AC3EB7DC6D90F479576A /* Sources */ = {
			isa = PBXSourcesBuildPhase;
			buildActionMask = 2147483647;
			files = (
				8D68DA3E1415CC9B948A7E2C /* App.swift in Sources */,
				D0FC62495B6D41FB1A73FDEA /* DIContainer.swift in Sources */,
				EAD2621EB9C835E59548D50E /* ThemeCommands.swift in Sources */,
			);
			runOnlyForDeploymentPostprocessing = 0;
		};
		CCB0A0D05F90A5702621777B /* Sources */ = {
			isa = PBXSourcesBuildPhase;
			buildActionMask = 2147483647;
			files = (
				1CFD2E9BF27400C8D47C1B01 /* BatteryHealthPredictorTests.swift in Sources */,
				F9CF475137B263E195187B2B /* ChargerMonitorTests.swift in Sources */,
				DB5DD119BB88F54A246AF3FA /* DomainTests.swift in Sources */,
				B2ADAFDBFB19FDC78B792781 /* FileSessionStoreTests.swift in Sources */,
				D7DABE8899F0EC243208FBCC /* PollerTests.swift in Sources */,
				C0170ADB84EA16B6F98DCD79 /* RecommendationEngineTests.swift in Sources */,
				886BAB090A46DE9C206395A6 /* SessionAnalyticsTests.swift in Sources */,
				C40F9BEB25687247217E1A84 /* SessionCSVExportTests.swift in Sources */,
				0C3E2C710ACD62F428163A42 /* ThemeLoaderHotReloadTests.swift in Sources */,
			);
			runOnlyForDeploymentPostprocessing = 0;
		};
		FE0F3DC6AAFCBA0F48AACA60 /* Sources */ = {
			isa = PBXSourcesBuildPhase;
			buildActionMask = 2147483647;
			files = (
				42E17962D95135C265851444 /* BatteryError.swift in Sources */,
				CDE72037D9CEAECD132E26BE /* FileSessionStore.swift in Sources */,
				C89CA1B75FFD156E9BDA8F9D /* HealthSnapshotStore.swift in Sources */,
				03532132BE95AC0FDEDCE20E /* IOKitBatteryRepository.swift in Sources */,
				4ADE174D1C178BE4B1E54D43 /* Namespace.swift in Sources */,
				B9D4F71F81F567AE44E42B2F /* Poller.swift in Sources */,
				80C7A41861457578FC72AF2F /* SDHealthSnapshot.swift in Sources */,
				08AAFE4C249FECE7C5C32C73 /* SDSession.swift in Sources */,
				43AE1F3AD3F345BD7430AB35 /* SessionManager.swift in Sources */,
				B01855605B501DC6FDF86528 /* SessionStore.swift in Sources */,
				738A89DB20CF6E80AD21CDB2 /* SwiftDataSessionStore.swift in Sources */,
				2F13ACC5FE981F3D386ED0E3 /* SystemPowerRepository.swift in Sources */,
			);
			runOnlyForDeploymentPostprocessing = 0;
		};
		FEF8DEDFD46FAEDA729EC760 /* Sources */ = {
			isa = PBXSourcesBuildPhase;
			buildActionMask = 2147483647;
			files = (
				28E96A7F4E815E28125F1E9A /* BatteryHealthPredictor.swift in Sources */,
				8F7D5A20E40E63BC0EB4DFA8 /* BatterySample.swift in Sources */,
				6B38195AB09E742078CE8B0E /* RecommendationEngine.swift in Sources */,
				D51C03BDF32185F5BA03198A /* Session.swift in Sources */,
				065BF0D3FF1FAC2AA7820F9C /* SessionUseCases.swift in Sources */,
			);
			runOnlyForDeploymentPostprocessing = 0;
		};
/* End PBXSourcesBuildPhase section */

/* Begin PBXTargetDependency section */
		15B8A7C8EEC251575035E879 /* PBXTargetDependency */ = {
			isa = PBXTargetDependency;
			target = B3CE90F0B34575E6C5BD45B1 /* Data */;
			targetProxy = 6AFDE8225B37AA18DDD920A9 /* PBXContainerItemProxy */;
		};
		6133440B65DE48592E88E319 /* PBXTargetDependency */ = {
			isa = PBXTargetDependency;
			target = B3CE90F0B34575E6C5BD45B1 /* Data */;
			targetProxy = A139CE53B21AA32FF30187E1 /* PBXContainerItemProxy */;
		};
		658B6642653EC8A0F76EE5F8 /* PBXTargetDependency */ = {
			isa = PBXTargetDependency;
			target = 5E7B6FEAC42234B8F191DE02 /* Domain */;
			targetProxy = 649BEF4BE88DE6498D3463A1 /* PBXContainerItemProxy */;
		};
		7BB56318DC24A62CD18608DF /* PBXTargetDependency */ = {
			isa = PBXTargetDependency;
			target = B3CE90F0B34575E6C5BD45B1 /* Data */;
			targetProxy = 6E5AACD00B45DC7F2F619A32 /* PBXContainerItemProxy */;
		};
		8FEB5FF11B383464894548CB /* PBXTargetDependency */ = {
			isa = PBXTargetDependency;
			target = A4F19AAB1646075A4E30FEA0 /* Presentation */;
			targetProxy = 156A2C6162B6C5D485BBCC18 /* PBXContainerItemProxy */;
		};
		96B54E5A0D1A9FF4F3799769 /* PBXTargetDependency */ = {
			isa = PBXTargetDependency;
			target = 4199C3C0C02AF698720C3123 /* ChargerMonitor */;
			targetProxy = 4E5859E35BB18FBAD05EBCBB /* PBXContainerItemProxy */;
		};
		9F39A977BECD0E362BD5056A /* PBXTargetDependency */ = {
			isa = PBXTargetDependency;
			target = 5E7B6FEAC42234B8F191DE02 /* Domain */;
			targetProxy = 6A8033643BB2C099838129B3 /* PBXContainerItemProxy */;
		};
		C3F66C2A7B3D2F35FA90F367 /* PBXTargetDependency */ = {
			isa = PBXTargetDependency;
			target = 5E7B6FEAC42234B8F191DE02 /* Domain */;
			targetProxy = 2960283F2ACD73F8A51486C5 /* PBXContainerItemProxy */;
		};
		E1DCC05581BE8476A1A32257 /* PBXTargetDependency */ = {
			isa = PBXTargetDependency;
			target = 5E7B6FEAC42234B8F191DE02 /* Domain */;
			targetProxy = 3638B5C9732F266116D2EE9E /* PBXContainerItemProxy */;
		};
		FA33E4B84A1A86784D83B80F /* PBXTargetDependency */ = {
			isa = PBXTargetDependency;
			target = A4F19AAB1646075A4E30FEA0 /* Presentation */;
			targetProxy = EA052363EBEEE7FC4ACAF391 /* PBXContainerItemProxy */;
		};
/* End PBXTargetDependency section */

/* Begin PBXVariantGroup section */
		453203943978D0D96CD0DE34 /* Localizable.strings */ = {
			isa = PBXVariantGroup;
			children = (
				7EE6AB586A3916A2B24EB317 /* en */,
				62B9D9F04995243B27200C19 /* fr */,
				59723BC05353CA3AA459CCBC /* ru */,
			);
			name = Localizable.strings;
			sourceTree = "<group>";
		};
/* End PBXVariantGroup section */

/* Begin XCBuildConfiguration section */
		089AFA8FD0AF9643036F3F4E /* Release */ = {
			isa = XCBuildConfiguration;
			buildSettings = {
				BUNDLE_LOADER = "$(TEST_HOST)";
				COMBINE_HIDPI_IMAGES = YES;
				GENERATE_INFOPLIST_FILE = YES;
				LD_RUNPATH_SEARCH_PATHS = (
					"$(inherited)",
					"@executable_path/../Frameworks",
					"@loader_path/../Frameworks",
				);
				OTHER_LDFLAGS = (
					"$(inherited)",
					"-ObjC",
				);
				PRODUCT_BUNDLE_IDENTIFIER = com.worldproject.chargermonitor.tests;
				SDKROOT = macosx;
				TEST_HOST = "$(BUILT_PRODUCTS_DIR)/Charger Monitor.app/Contents/MacOS/Charger Monitor";
			};
			name = Release;
		};
		19342E5A7BC94AC36214C328 /* Release */ = {
			isa = XCBuildConfiguration;
			buildSettings = {
				COMBINE_HIDPI_IMAGES = YES;
				LD_RUNPATH_SEARCH_PATHS = (
					"$(inherited)",
					"@executable_path/../Frameworks",
				);
				PRODUCT_BUNDLE_IDENTIFIER = com.worldproject.Data;
				SDKROOT = macosx;
				SKIP_INSTALL = YES;
			};
			name = Release;
		};
		2B75A20A10182494A83B570B /* Debug */ = {
			isa = XCBuildConfiguration;
			buildSettings = {
				COMBINE_HIDPI_IMAGES = YES;
				LD_RUNPATH_SEARCH_PATHS = (
					"$(inherited)",
					"@executable_path/../Frameworks",
				);
				PRODUCT_BUNDLE_IDENTIFIER = com.worldproject.Data;
				SDKROOT = macosx;
				SKIP_INSTALL = YES;
			};
			name = Debug;
		};
		61FEE510FAFC05AD8CE1BD0C /* Release */ = {
			isa = XCBuildConfiguration;
			buildSettings = {
				COMBINE_HIDPI_IMAGES = YES;
				LD_RUNPATH_SEARCH_PATHS = (
					"$(inherited)",
					"@executable_path/../Frameworks",
				);
				PRODUCT_BUNDLE_IDENTIFIER = com.worldproject.Presentation;
				SDKROOT = macosx;
				SKIP_INSTALL = YES;
			};
			name = Release;
		};
		7F1762F81DBD5C36ABE3F962 /* Debug */ = {
			isa = XCBuildConfiguration;
			buildSettings = {
				ASSETCATALOG_COMPILER_APPICON_NAME = AppIcon;
				CODE_SIGN_ENTITLEMENTS = ChargerMonitor.entitlements;
				COMBINE_HIDPI_IMAGES = YES;
				ENABLE_APP_SANDBOX = NO;
				GENERATE_INFOPLIST_FILE = YES;
				INFOPLIST_GENERATION_MODE = GeneratedFile;
				INFOPLIST_KEY_CFBundleDisplayName = "Charger Monitor";
				INFOPLIST_KEY_LSApplicationCategoryType = "public.app-category.utilities";
				INFOPLIST_KEY_NSMainNibFile = "";
				LD_RUNPATH_SEARCH_PATHS = (
					"$(inherited)",
					"@executable_path/../Frameworks",
				);
				OTHER_LDFLAGS = (
					"$(inherited)",
					"-ObjC",
				);
				PRODUCT_BUNDLE_IDENTIFIER = com.worldproject.chargermonitor;
				PRODUCT_MODULE_NAME = ChargerMonitor;
				PRODUCT_NAME = "Charger Monitor";
				SDKROOT = macosx;
				SWIFT_EMIT_LOC_STRINGS = YES;
			};
			name = Debug;
		};
		8AC804EF2A09625B3230D03C /* Debug */ = {
			isa = XCBuildConfiguration;
			buildSettings = {
				COMBINE_HIDPI_IMAGES = YES;
				LD_RUNPATH_SEARCH_PATHS = (
					"$(inherited)",
					"@executable_path/../Frameworks",
				);
				PRODUCT_BUNDLE_IDENTIFIER = com.worldproject.Presentation;
				SDKROOT = macosx;
				SKIP_INSTALL = YES;
			};
			name = Debug;
		};
		A048E84E62943D5249BF462F /* Release */ = {
			isa = XCBuildConfiguration;
			buildSettings = {
				COMBINE_HIDPI_IMAGES = YES;
				LD_RUNPATH_SEARCH_PATHS = (
					"$(inherited)",
					"@executable_path/../Frameworks",
				);
				PRODUCT_BUNDLE_IDENTIFIER = com.worldproject.Domain;
				SDKROOT = macosx;
				SKIP_INSTALL = YES;
			};
			name = Release;
		};
		A2B890D27A99CE21C562097D /* Release */ = {
			isa = XCBuildConfiguration;
			buildSettings = {
				ALWAYS_SEARCH_USER_PATHS = NO;
				CLANG_ANALYZER_NONNULL = YES;
				CLANG_ANALYZER_NUMBER_OBJECT_CONVERSION = YES_AGGRESSIVE;
				CLANG_CXX_LANGUAGE_STANDARD = "gnu++14";
				CLANG_CXX_LIBRARY = "libc++";
				CLANG_ENABLE_MODULES = YES;
				CLANG_ENABLE_OBJC_ARC = YES;
				CLANG_ENABLE_OBJC_WEAK = YES;
				CLANG_WARN_BLOCK_CAPTURE_AUTORELEASING = YES;
				CLANG_WARN_BOOL_CONVERSION = YES;
				CLANG_WARN_COMMA = YES;
				CLANG_WARN_CONSTANT_CONVERSION = YES;
				CLANG_WARN_DEPRECATED_OBJC_IMPLEMENTATIONS = YES;
				CLANG_WARN_DIRECT_OBJC_ISA_USAGE = YES_ERROR;
				CLANG_WARN_DOCUMENTATION_COMMENTS = YES;
				CLANG_WARN_EMPTY_BODY = YES;
				CLANG_WARN_ENUM_CONVERSION = YES;
				CLANG_WARN_INFINITE_RECURSION = YES;
				CLANG_WARN_INT_CONVERSION = YES;
				CLANG_WARN_NON_LITERAL_NULL_CONVERSION = YES;
				CLANG_WARN_OBJC_IMPLICIT_RETAIN_SELF = YES;
				CLANG_WARN_OBJC_LITERAL_CONVERSION = YES;
				CLANG_WARN_OBJC_ROOT_CLASS = YES_ERROR;
				CLANG_WARN_QUOTED_INCLUDE_IN_FRAMEWORK_HEADER = YES;
				CLANG_WARN_RANGE_LOOP_ANALYSIS = YES;
				CLANG_WARN_STRICT_PROTOTYPES = YES;
				CLANG_WARN_SUSPICIOUS_MOVE = YES;
				CLANG_WARN_UNGUARDED_AVAILABILITY = YES_AGGRESSIVE;
				CLANG_WARN_UNREACHABLE_CODE = YES;
				CLANG_WARN__DUPLICATE_METHOD_MATCH = YES;
				COPY_PHASE_STRIP = NO;
				DEBUG_INFORMATION_FORMAT = "dwarf-with-dsym";
				ENABLE_NS_ASSERTIONS = NO;
				ENABLE_STRICT_OBJC_MSGSEND = YES;
				GCC_C_LANGUAGE_STANDARD = gnu11;
				GCC_NO_COMMON_BLOCKS = YES;
				GCC_WARN_64_TO_32_BIT_CONVERSION = YES;
				GCC_WARN_ABOUT_RETURN_TYPE = YES_ERROR;
				GCC_WARN_UNDECLARED_SELECTOR = YES;
				GCC_WARN_UNINITIALIZED_AUTOS = YES_AGGRESSIVE;
				GCC_WARN_UNUSED_FUNCTION = YES;
				GCC_WARN_UNUSED_VARIABLE = YES;
				MACOSX_DEPLOYMENT_TARGET = 14.0;
				MTL_ENABLE_DEBUG_INFO = NO;
				MTL_FAST_MATH = YES;
				PRODUCT_NAME = "$(TARGET_NAME)";
				SDKROOT = macosx;
				SWIFT_COMPILATION_MODE = wholemodule;
				SWIFT_OPTIMIZATION_LEVEL = "-O";
				SWIFT_VERSION = 5.9;
			};
			name = Release;
		};
		B2209CD201189B7A4923812A /* Debug */ = {
			isa = XCBuildConfiguration;
			buildSettings = {
				ALWAYS_SEARCH_USER_PATHS = NO;
				CLANG_ANALYZER_NONNULL = YES;
				CLANG_ANALYZER_NUMBER_OBJECT_CONVERSION = YES_AGGRESSIVE;
				CLANG_CXX_LANGUAGE_STANDARD = "gnu++14";
				CLANG_CXX_LIBRARY = "libc++";
				CLANG_ENABLE_MODULES = YES;
				CLANG_ENABLE_OBJC_ARC = YES;
				CLANG_ENABLE_OBJC_WEAK = YES;
				CLANG_WARN_BLOCK_CAPTURE_AUTORELEASING = YES;
				CLANG_WARN_BOOL_CONVERSION = YES;
				CLANG_WARN_COMMA = YES;
				CLANG_WARN_CONSTANT_CONVERSION = YES;
				CLANG_WARN_DEPRECATED_OBJC_IMPLEMENTATIONS = YES;
				CLANG_WARN_DIRECT_OBJC_ISA_USAGE = YES_ERROR;
				CLANG_WARN_DOCUMENTATION_COMMENTS = YES;
				CLANG_WARN_EMPTY_BODY = YES;
				CLANG_WARN_ENUM_CONVERSION = YES;
				CLANG_WARN_INFINITE_RECURSION = YES;
				CLANG_WARN_INT_CONVERSION = YES;
				CLANG_WARN_NON_LITERAL_NULL_CONVERSION = YES;
				CLANG_WARN_OBJC_IMPLICIT_RETAIN_SELF = YES;
				CLANG_WARN_OBJC_LITERAL_CONVERSION = YES;
				CLANG_WARN_OBJC_ROOT_CLASS = YES_ERROR;
				CLANG_WARN_QUOTED_INCLUDE_IN_FRAMEWORK_HEADER = YES;
				CLANG_WARN_RANGE_LOOP_ANALYSIS = YES;
				CLANG_WARN_STRICT_PROTOTYPES = YES;
				CLANG_WARN_SUSPICIOUS_MOVE = YES;
				CLANG_WARN_UNGUARDED_AVAILABILITY = YES_AGGRESSIVE;
				CLANG_WARN_UNREACHABLE_CODE = YES;
				CLANG_WARN__DUPLICATE_METHOD_MATCH = YES;
				COPY_PHASE_STRIP = NO;
				DEBUG_INFORMATION_FORMAT = dwarf;
				ENABLE_STRICT_OBJC_MSGSEND = YES;
				ENABLE_TESTABILITY = YES;
				GCC_C_LANGUAGE_STANDARD = gnu11;
				GCC_DYNAMIC_NO_PIC = NO;
				GCC_NO_COMMON_BLOCKS = YES;
				GCC_OPTIMIZATION_LEVEL = 0;
				GCC_PREPROCESSOR_DEFINITIONS = (
					"$(inherited)",
					"DEBUG=1",
				);
				GCC_WARN_64_TO_32_BIT_CONVERSION = YES;
				GCC_WARN_ABOUT_RETURN_TYPE = YES_ERROR;
				GCC_WARN_UNDECLARED_SELECTOR = YES;
				GCC_WARN_UNINITIALIZED_AUTOS = YES_AGGRESSIVE;
				GCC_WARN_UNUSED_FUNCTION = YES;
				GCC_WARN_UNUSED_VARIABLE = YES;
				MACOSX_DEPLOYMENT_TARGET = 14.0;
				MTL_ENABLE_DEBUG_INFO = INCLUDE_SOURCE;
				MTL_FAST_MATH = YES;
				ONLY_ACTIVE_ARCH = YES;
				PRODUCT_NAME = "$(TARGET_NAME)";
				SDKROOT = macosx;
				SWIFT_ACTIVE_COMPILATION_CONDITIONS = DEBUG;
				SWIFT_OPTIMIZATION_LEVEL = "-Onone";
				SWIFT_VERSION = 5.9;
			};
			name = Debug;
		};
		B6D4F000A202699396A3472A /* Debug */ = {
			isa = XCBuildConfiguration;
			buildSettings = {
				BUNDLE_LOADER = "$(TEST_HOST)";
				COMBINE_HIDPI_IMAGES = YES;
				GENERATE_INFOPLIST_FILE = YES;
				LD_RUNPATH_SEARCH_PATHS = (
					"$(inherited)",
					"@executable_path/../Frameworks",
					"@loader_path/../Frameworks",
				);
				OTHER_LDFLAGS = (
					"$(inherited)",
					"-ObjC",
				);
				PRODUCT_BUNDLE_IDENTIFIER = com.worldproject.chargermonitor.tests;
				SDKROOT = macosx;
				TEST_HOST = "$(BUILT_PRODUCTS_DIR)/Charger Monitor.app/Contents/MacOS/Charger Monitor";
			};
			name = Debug;
		};
		E135574421ED5E8B52AD7B21 /* Release */ = {
			isa = XCBuildConfiguration;
			buildSettings = {
				ASSETCATALOG_COMPILER_APPICON_NAME = AppIcon;
				CODE_SIGN_ENTITLEMENTS = ChargerMonitor.entitlements;
				COMBINE_HIDPI_IMAGES = YES;
				ENABLE_APP_SANDBOX = NO;
				GENERATE_INFOPLIST_FILE = YES;
				INFOPLIST_GENERATION_MODE = GeneratedFile;
				INFOPLIST_KEY_CFBundleDisplayName = "Charger Monitor";
				INFOPLIST_KEY_LSApplicationCategoryType = "public.app-category.utilities";
				INFOPLIST_KEY_NSMainNibFile = "";
				LD_RUNPATH_SEARCH_PATHS = (
					"$(inherited)",
					"@executable_path/../Frameworks",
				);
				OTHER_LDFLAGS = (
					"$(inherited)",
					"-ObjC",
				);
				PRODUCT_BUNDLE_IDENTIFIER = com.worldproject.chargermonitor;
				PRODUCT_MODULE_NAME = ChargerMonitor;
				PRODUCT_NAME = "Charger Monitor";
				SDKROOT = macosx;
				SWIFT_EMIT_LOC_STRINGS = YES;
			};
			name = Release;
		};
		F42A0687406CCA0D1A4D186C /* Debug */ = {
			isa = XCBuildConfiguration;
			buildSettings = {
				COMBINE_HIDPI_IMAGES = YES;
				LD_RUNPATH_SEARCH_PATHS = (
					"$(inherited)",
					"@executable_path/../Frameworks",
				);
				PRODUCT_BUNDLE_IDENTIFIER = com.worldproject.Domain;
				SDKROOT = macosx;
				SKIP_INSTALL = YES;
			};
			name = Debug;
		};
/* End XCBuildConfiguration section */

/* Begin XCConfigurationList section */
		251CC58D573162C22FD54324 /* Build configuration list for PBXNativeTarget "Presentation" */ = {
			isa = XCConfigurationList;
			buildConfigurations = (
				8AC804EF2A09625B3230D03C /* Debug */,
				61FEE510FAFC05AD8CE1BD0C /* Release */,
			);
			defaultConfigurationIsVisible = 0;
			defaultConfigurationName = Debug;
		};
		274E3E8DDC357402339C16F8 /* Build configuration list for PBXNativeTarget "Domain" */ = {
			isa = XCConfigurationList;
			buildConfigurations = (
				F42A0687406CCA0D1A4D186C /* Debug */,
				A048E84E62943D5249BF462F /* Release */,
			);
			defaultConfigurationIsVisible = 0;
			defaultConfigurationName = Debug;
		};
		4BDF171975EAED2DB62E2ECB /* Build configuration list for PBXNativeTarget "Data" */ = {
			isa = XCConfigurationList;
			buildConfigurations = (
				2B75A20A10182494A83B570B /* Debug */,
				19342E5A7BC94AC36214C328 /* Release */,
			);
			defaultConfigurationIsVisible = 0;
			defaultConfigurationName = Debug;
		};
		D83BBA7D49720016FAFD3045 /* Build configuration list for PBXNativeTarget "ChargerMonitor" */ = {
			isa = XCConfigurationList;
			buildConfigurations = (
				7F1762F81DBD5C36ABE3F962 /* Debug */,
				E135574421ED5E8B52AD7B21 /* Release */,
			);
			defaultConfigurationIsVisible = 0;
			defaultConfigurationName = Debug;
		};
		F0B1B2EBE0CC32D562EF9A92 /* Build configuration list for PBXProject "ChargerMonitor" */ = {
			isa = XCConfigurationList;
			buildConfigurations = (
				B2209CD201189B7A4923812A /* Debug */,
				A2B890D27A99CE21C562097D /* Release */,
			);
			defaultConfigurationIsVisible = 0;
			defaultConfigurationName = Debug;
		};
		F0D9A0DF7C5821E4EE67180B /* Build configuration list for PBXNativeTarget "ChargerMonitorTests" */ = {
			isa = XCConfigurationList;
			buildConfigurations = (
				B6D4F000A202699396A3472A /* Debug */,
				089AFA8FD0AF9643036F3F4E /* Release */,
			);
			defaultConfigurationIsVisible = 0;
			defaultConfigurationName = Debug;
		};
/* End XCConfigurationList section */
	};
	rootObject = 40F9B443D9F6D7E72FB55DE2 /* Project object */;
}
